
Microsoft Visual Studio Solution File, Format Version 12.00
# Visual Studio Version 16
VisualStudioVersion = 16.0.29503.13
MinimumVisualStudioVersion = 10.0.40219.1
Project("{8BC9CEB8-8B4A-11D0-8D11-00A0C91BC942}") = "RequestLimitExtender", "RequestLimitExtender\RequestLimitExtender.vcxproj", "{3062B7AD-E6E5-4F97-865A-996176655185}"
EndProject
Global
	GlobalSection(SolutionConfigurationPlatforms) = preSolution
		Debug|x86 = Debug|x86
		Release|x86 = Release|x86
	EndGlobalSection
	GlobalSection(ProjectConfigurationPlatforms) = postSolution
		{3062B7AD-E6E5-4F97-865A-996176655185}.Debug|x86.ActiveCfg = Debug|Win32
		{3062B7AD-E6E5-4F97-865A-996176655185}.Debug|x86.Build.0 = Debug|Win32
		{3062B7AD-E6E5-4F97-865A-996176655185}.Release|x86.ActiveCfg = Release|Win32
		{3062B7AD-E6E5-4F97-865A-996176655185}.Release|x86.Build.0 = Release|Win32
	EndGlobalSection
	GlobalSection(SolutionProperties) = preSolution
		HideSolutionNode = FALSE
	EndGlobalSection
	GlobalSection(ExtensibilityGlobals) = postSolution
		SolutionGuid = {28B3A64E-C3E7-424C-9D30-DE03364FEEA3}
	EndGlobalSection
EndGlobal
